
Microsoft Visual Studio Solution File, Format Version 12.00
# Visual Studio Version 17
VisualStudioVersion = 17.0.31903.59
MinimumVisualStudioVersion = 10.0.40219.1
Project("{FAE04EC0-301F-11D3-BF4B-00C04F79EFBC}") = "WebApplicationapi", "WebApplicationapi\WebApplicationapi.csproj", "{B4B27DD8-03F0-4CDE-90E0-B883C52F5180}"
EndProject
Global
	GlobalSection(SolutionConfigurationPlatforms) = preSolution
		Debug|Any CPU = Debug|Any CPU
		Release|Any CPU = Release|Any CPU
	EndGlobalSection
	GlobalSection(ProjectConfigurationPlatforms) = postSolution
		{B4B27DD8-03F0-4CDE-90E0-B883C52F5180}.Debug|Any CPU.ActiveCfg = Debug|Any CPU
		{B4B27DD8-03F0-4CDE-90E0-B883C52F5180}.Debug|Any CPU.Build.0 = Debug|Any CPU
		{B4B27DD8-03F0-4CDE-90E0-B883C52F5180}.Release|Any CPU.ActiveCfg = Release|Any CPU
		{B4B27DD8-03F0-4CDE-90E0-B883C52F5180}.Release|Any CPU.Build.0 = Release|Any CPU
	EndGlobalSection
	GlobalSection(SolutionProperties) = preSolution
		HideSolutionNode = FALSE
	EndGlobalSection
	GlobalSection(ExtensibilityGlobals) = postSolution
		SolutionGuid = {151C5F69-146B-4876-A919-9D0787E15943}
	EndGlobalSection
EndGlobal
